// !$*UTF8*$!
{
	archiveVersion = 1;
	classes = {
	};
	objectVersion = 46;
	objects = {

/* Begin PBXBuildFile section */
		7655E464191B1DAC0092846C /* Foundation.framework in Frameworks */ = {isa = PBXBuildFile; fileRef = 7655E463191B1DAC0092846C /* Foundation.framework */; };
		7655E466191B1DAC0092846C /* CoreGraphics.framework in Frameworks */ = {isa = PBXBuildFile; fileRef = 7655E465191B1DAC0092846C /* CoreGraphics.framework */; };
		7655E468191B1DAC0092846C /* UIKit.framework in Frameworks */ = {isa = PBXBuildFile; fileRef = 7655E467191B1DAC0092846C /* UIKit.framework */; };
		7655E46E191B1DAC0092846C /* InfoPlist.strings in Resources */ = {isa = PBXBuildFile; fileRef = 7655E46C191B1DAC0092846C /* InfoPlist.strings */; };
		7655E470191B1DAC0092846C /* main.m in Sources */ = {isa = PBXBuildFile; fileRef = 7655E46F191B1DAC0092846C /* main.m */; };
		7655E474191B1DAC0092846C /* AppDelegate.m in Sources */ = {isa = PBXBuildFile; fileRef = 7655E473191B1DAC0092846C /* AppDelegate.m */; };
		7655E477191B1DAC0092846C /* Main.storyboard in Resources */ = {isa = PBXBuildFile; fileRef = 7655E475191B1DAC0092846C /* Main.storyboard */; };
		7655E47A191B1DAC0092846C /* ViewController.m in Sources */ = {isa = PBXBuildFile; fileRef = 7655E479191B1DAC0092846C /* ViewController.m */; };
		7655E47C191B1DAC0092846C /* Images.xcassets in Resources */ = {isa = PBXBuildFile; fileRef = 7655E47B191B1DAC0092846C /* Images.xcassets */; };
		7655E483191B1DAD0092846C /* XCTest.framework in Frameworks */ = {isa = PBXBuildFile; fileRef = 7655E482191B1DAD0092846C /* XCTest.framework */; };
		7655E484191B1DAD0092846C /* Foundation.framework in Frameworks */ = {isa = PBXBuildFile; fileRef = 7655E463191B1DAC0092846C /* Foundation.framework */; };
		7655E485191B1DAD0092846C /* UIKit.framework in Frameworks */ = {isa = PBXBuildFile; fileRef = 7655E467191B1DAC0092846C /* UIKit.framework */; };
		7655E48D191B1DAD0092846C /* InfoPlist.strings in Resources */ = {isa = PBXBuildFile; fileRef = 7655E48B191B1DAD0092846C /* InfoPlist.strings */; };
		7655E48F191B1DAD0092846C /* DelegateSampleTests.m in Sources */ = {isa = PBXBuildFile; fileRef = 7655E48E191B1DAD0092846C /* DelegateSampleTests.m */; };
/* End PBXBuildFile section */

/* Begin PBXContainerItemProxy section */
		7655E486191B1DAD0092846C /* PBXContainerItemProxy */ = {
			isa = PBXContainerItemProxy;
			containerPortal = 7655E458191B1DAC0092846C /* Project object */;
			proxyType = 1;
			remoteGlobalIDString = 7655E45F191B1DAC0092846C;
			remoteInfo = DelegateSample;
		};
/* End PBXContainerItemProxy section */

/* Begin PBXFileReference section */
		7655E460191B1DAC0092846C /* DelegateSample.app */ = {isa = PBXFileReference; explicitFileType = wrapper.application; includeInIndex = 0; path = DelegateSample.app; sourceTree = BUILT_PRODUCTS_DIR; };
		7655E463191B1DAC0092846C /* Foundation.framework */ = {isa = PBXFileReference; lastKnownFileType = wrapper.framework; name = Foundation.framework; path = System/Library/Frameworks/Foundation.framework; sourceTree = SDKROOT; };
		7655E465191B1DAC0092846C /* CoreGraphics.framework */ = {isa = PBXFileReference; lastKnownFileType = wrapper.framework; name = CoreGraphics.framework; path = System/Library/Frameworks/CoreGraphics.framework; sourceTree = SDKROOT; };
		7655E467191B1DAC0092846C /* UIKit.framework */ = {isa = PBXFileReference; lastKnownFileType = wrapper.framework; name = UIKit.framework; path = System/Library/Frameworks/UIKit.framework; sourceTree = SDKROOT; };
		7655E46B191B1DAC0092846C /* DelegateSample-Info.plist */ = {isa = PBXFileReference; lastKnownFileType = text.plist.xml; path = "DelegateSample-Info.plist"; sourceTree = "<group>"; };
		7655E46D191B1DAC0092846C /* en */ = {isa = PBXFileReference; lastKnownFileType = text.plist.strings; name = en; path = en.lproj/InfoPlist.strings; sourceTree = "<group>"; };
		7655E46F191B1DAC0092846C /* main.m */ = {isa = PBXFileReference; lastKnownFileType = sourcecode.c.objc; path = main.m; sourceTree = "<group>"; };
		7655E471191B1DAC0092846C /* DelegateSample-Prefix.pch */ = {isa = PBXFileReference; lastKnownFileType = sourcecode.c.h; path = "DelegateSample-Prefix.pch"; sourceTree = "<group>"; };
		7655E472191B1DAC0092846C /* AppDelegate.h */ = {isa = PBXFileReference; lastKnownFileType = sourcecode.c.h; path = AppDelegate.h; sourceTree = "<group>"; };
		7655E473191B1DAC0092846C /* AppDelegate.m */ = {isa = PBXFileReference; lastKnownFileType = sourcecode.c.objc; path = AppDelegate.m; sourceTree = "<group>"; };
		7655E476191B1DAC0092846C /* Base */ = {isa = PBXFileReference; lastKnownFileType = file.storyboard; name = Base; path = Base.lproj/Main.storyboard; sourceTree = "<group>"; };
		7655E478191B1DAC0092846C /* ViewController.h */ = {isa = PBXFileReference; lastKnownFileType = sourcecode.c.h; path = ViewController.h; sourceTree = "<group>"; };
		7655E479191B1DAC0092846C /* ViewController.m */ = {isa = PBXFileReference; lastKnownFileType = sourcecode.c.objc; path = ViewController.m; sourceTree = "<group>"; };
		7655E47B191B1DAC0092846C /* Images.xcassets */ = {isa = PBXFileReference; lastKnownFileType = folder.assetcatalog; path = Images.xcassets; sourceTree = "<group>"; };
		7655E481191B1DAD0092846C /* DelegateSampleTests.xctest */ = {isa = PBXFileReference; explicitFileType = wrapper.cfbundle; includeInIndex = 0; path = DelegateSampleTests.xctest; sourceTree = BUILT_PRODUCTS_DIR; };
		7655E482191B1DAD0092846C /* XCTest.framework */ = {isa = PBXFileReference; lastKnownFileType = wrapper.framework; name = XCTest.framework; path = Library/Frameworks/XCTest.framework; sourceTree = DEVELOPER_DIR; };
		7655E48A191B1DAD0092846C /* DelegateSampleTests-Info.plist */ = {isa = PBXFileReference; lastKnownFileType = text.plist.xml; path = "DelegateSampleTests-Info.plist"; sourceTree = "<group>"; };
		7655E48C191B1DAD0092846C /* en */ = {isa = PBXFileReference; lastKnownFileType = text.plist.strings; name = en; path = en.lproj/InfoPlist.strings; sourceTree = "<group>"; };
		7655E48E191B1DAD0092846C /* DelegateSampleTests.m */ = {isa = PBXFileReference; lastKnownFileType = sourcecode.c.objc; path = DelegateSampleTests.m; sourceTree = "<group>"; };
/* End PBXFileReference section */

/* Begin PBXFrameworksBuildPhase section */
		7655E45D191B1DAC0092846C /* Frameworks */ = {
			isa = PBXFrameworksBuildPhase;
			buildActionMask = 2147483647;
			files = (
				7655E466191B1DAC0092846C /* CoreGraphics.framework in Frameworks */,
				7655E468191B1DAC0092846C /* UIKit.framework in Frameworks */,
				7655E464191B1DAC0092846C /* Foundation.framework in Frameworks */,
			);
			runOnlyForDeploymentPostprocessing = 0;
		};
		7655E47E191B1DAD0092846C /* Frameworks */ = {
			isa = PBXFrameworksBuildPhase;
			buildActionMask = 2147483647;
			files = (
				7655E483191B1DAD0092846C /* XCTest.framework in Frameworks */,
				7655E485191B1DAD0092846C /* UIKit.framework in Frameworks */,
				7655E484191B1DAD0092846C /* Foundation.framework in Frameworks */,
			);
			runOnlyForDeploymentPostprocessing = 0;
		};
/* End PBXFrameworksBuildPhase section */

/* Begin PBXGroup section */
		7655E457191B1DAC0092846C = {
			isa = PBXGroup;
			children = (
				7655E469191B1DAC0092846C /* DelegateSample */,
				7655E488191B1DAD0092846C /* DelegateSampleTests */,
				7655E462191B1DAC0092846C /* Frameworks */,
				7655E461191B1DAC0092846C /* Products */,
			);
			sourceTree = "<group>";
		};
		7655E461191B1DAC0092846C /* Products */ = {
			isa = PBXGroup;
			children = (
				7655E460191B1DAC0092846C /* DelegateSample.app */,
				7655E481191B1DAD0092846C /* DelegateSampleTests.xctest */,
			);
			name = Products;
			sourceTree = "<group>";
		};
		7655E462191B1DAC0092846C /* Frameworks */ = {
			isa = PBXGroup;
			children = (
				7655E463191B1DAC0092846C /* Foundation.framework */,
				7655E465191B1DAC0092846C /* CoreGraphics.framework */,
				7655E467191B1DAC0092846C /* UIKit.framework */,
				7655E482191B1DAD0092846C /* XCTest.framework */,
			);
			name = Frameworks;
			sourceTree = "<group>";
		};
		7655E469191B1DAC0092846C /* DelegateSample */ = {
			isa = PBXGroup;
			children = (
				7655E472191B1DAC0092846C /* AppDelegate.h */,
				7655E473191B1DAC0092846C /* AppDelegate.m */,
				7655E475191B1DAC0092846C /* Main.storyboard */,
				7655E478191B1DAC0092846C /* ViewController.h */,
				7655E479191B1DAC0092846C /* ViewController.m */,
				7655E47B191B1DAC0092846C /* Images.xcassets */,
				7655E46A191B1DAC0092846C /* Supporting Files */,
			);
			path = DelegateSample;
			sourceTree = "<group>";
		};
		7655E46A191B1DAC0092846C /* Supporting Files */ = {
			isa = PBXGroup;
			children = (
				7655E46B191B1DAC0092846C /* DelegateSample-Info.plist */,
				7655E46C191B1DAC0092846C /* InfoPlist.strings */,
				7655E46F191B1DAC0092846C /* main.m */,
				7655E471191B1DAC0092846C /* DelegateSample-Prefix.pch */,
			);
			name = "Supporting Files";
			sourceTree = "<group>";
		};
		7655E488191B1DAD0092846C /* DelegateSampleTests */ = {
			isa = PBXGroup;
			children = (
				7655E48E191B1DAD0092846C /* DelegateSampleTests.m */,
				7655E489191B1DAD0092846C /* Supporting Files */,
			);
			path = DelegateSampleTests;
			sourceTree = "<group>";
		};
		7655E489191B1DAD0092846C /* Supporting Files */ = {
			isa = PBXGroup;
			children = (
				7655E48A191B1DAD0092846C /* DelegateSampleTests-Info.plist */,
				7655E48B191B1DAD0092846C /* InfoPlist.strings */,
			);
			name = "Supporting Files";
			sourceTree = "<group>";
		};
/* End PBXGroup section */

/* Begin PBXNativeTarget section */
		7655E45F191B1DAC0092846C /* DelegateSample */ = {
			isa = PBXNativeTarget;
			buildConfigurationList = 7655E492191B1DAD0092846C /* Build configuration list for PBXNativeTarget "DelegateSample" */;
			buildPhases = (
				7655E45C191B1DAC0092846C /* Sources */,
				7655E45D191B1DAC0092846C /* Frameworks */,
				7655E45E191B1DAC0092846C /* Resources */,
			);
			buildRules = (
			);
			dependencies = (
			);
			name = DelegateSample;
			productName = DelegateSample;
			productReference = 7655E460191B1DAC0092846C /* DelegateSample.app */;
			productType = "com.apple.product-type.application";
		};
		7655E480191B1DAD0092846C /* DelegateSampleTests */ = {
			isa = PBXNativeTarget;
			buildConfigurationList = 7655E495191B1DAD0092846C /* Build configuration list for PBXNativeTarget "DelegateSampleTests" */;
			buildPhases = (
				7655E47D191B1DAD0092846C /* Sources */,
				7655E47E191B1DAD0092846C /* Frameworks */,
				7655E47F191B1DAD0092846C /* Resources */,
			);
			buildRules = (
			);
			dependencies = (
				7655E487191B1DAD0092846C /* PBXTargetDependency */,
			);
			name = DelegateSampleTests;
			productName = DelegateSampleTests;
			productReference = 7655E481191B1DAD0092846C /* DelegateSampleTests.xctest */;
			productType = "com.apple.product-type.bundle.unit-test";
		};
/* End PBXNativeTarget section */

/* Begin PBXProject section */
		7655E458191B1DAC0092846C /* Project object */ = {
			isa = PBXProject;
			attributes = {
				LastUpgradeCheck = 0510;
				ORGANIZATIONNAME = mrk1869;
				TargetAttributes = {
					7655E480191B1DAD0092846C = {
						TestTargetID = 7655E45F191B1DAC0092846C;
					};
				};
			};
			buildConfigurationList = 7655E45B191B1DAC0092846C /* Build configuration list for PBXProject "DelegateSample" */;
			compatibilityVersion = "Xcode 3.2";
			developmentRegion = English;
			hasScannedForEncodings = 0;
			knownRegions = (
				en,
				Base,
			);
			mainGroup = 7655E457191B1DAC0092846C;
			productRefGroup = 7655E461191B1DAC0092846C /* Products */;
			projectDirPath = "";
			projectRoot = "";
			targets = (
				7655E45F191B1DAC0092846C /* DelegateSample */,
				7655E480191B1DAD0092846C /* DelegateSampleTests */,
			);
		};
/* End PBXProject section */

/* Begin PBXResourcesBuildPhase section */
		7655E45E191B1DAC0092846C /* Resources */ = {
			isa = PBXResourcesBuildPhase;
			buildActionMask = 2147483647;
			files = (
				7655E47C191B1DAC0092846C /* Images.xcassets in Resources */,
				7655E46E191B1DAC0092846C /* InfoPlist.strings in Resources */,
				7655E477191B1DAC0092846C /* Main.storyboard in Resources */,
			);
			runOnlyForDeploymentPostprocessing = 0;
		};
		7655E47F191B1DAD0092846C /* Resources */ = {
			isa = PBXResourcesBuildPhase;
			buildActionMask = 2147483647;
			files = (
				7655E48D191B1DAD0092846C /* InfoPlist.strings in Resources */,
			);
			runOnlyForDeploymentPostprocessing = 0;
		};
/* End PBXResourcesBuildPhase section */

/* Begin PBXSourcesBuildPhase section */
		7655E45C191B1DAC0092846C /* Sources */ = {
			isa = PBXSourcesBuildPhase;
			buildActionMask = 2147483647;
			files = (
				7655E47A191B1DAC0092846C /* ViewController.m in Sources */,
				7655E474191B1DAC0092846C /* AppDelegate.m in Sources */,
				7655E470191B1DAC0092846C /* main.m in Sources */,
			);
			runOnlyForDeploymentPostprocessing = 0;
		};
		7655E47D191B1DAD0092846C /* Sources */ = {
			isa = PBXSourcesBuildPhase;
			buildActionMask = 2147483647;
			files = (
				7655E48F191B1DAD0092846C /* DelegateSampleTests.m in Sources */,
			);
			runOnlyForDeploymentPostprocessing = 0;
		};
/* End PBXSourcesBuildPhase section */

/* Begin PBXTargetDependency section */
		7655E487191B1DAD0092846C /* PBXTargetDependency */ = {
			isa = PBXTargetDependency;
			target = 7655E45F191B1DAC0092846C /* DelegateSample */;
			targetProxy = 7655E486191B1DAD0092846C /* PBXContainerItemProxy */;
		};
/* End PBXTargetDependency section */

/* Begin PBXVariantGroup section */
		7655E46C191B1DAC0092846C /* InfoPlist.strings */ = {
			isa = PBXVariantGroup;
			children = (
				7655E46D191B1DAC0092846C /* en */,
			);
			name = InfoPlist.strings;
			sourceTree = "<group>";
		};
		7655E475191B1DAC0092846C /* Main.storyboard */ = {
			isa = PBXVariantGroup;
			children = (
				7655E476191B1DAC0092846C /* Base */,
			);
			name = Main.storyboard;
			sourceTree = "<group>";
		};
		7655E48B191B1DAD0092846C /* InfoPlist.strings */ = {
			isa = PBXVariantGroup;
			children = (
				7655E48C191B1DAD0092846C /* en */,
			);
			name = InfoPlist.strings;
			sourceTree = "<group>";
		};
/* End PBXVariantGroup section */

/* Begin XCBuildConfiguration section */
		7655E490191B1DAD0092846C /* Debug */ = {
			isa = XCBuildConfiguration;
			buildSettings = {
				ALWAYS_SEARCH_USER_PATHS = NO;
				CLANG_CXX_LANGUAGE_STANDARD = "gnu++0x";
				CLANG_CXX_LIBRARY = "libc++";
				CLANG_ENABLE_MODULES = YES;
				CLANG_ENABLE_OBJC_ARC = YES;
				CLANG_WARN_BOOL_CONVERSION = YES;
				CLANG_WARN_CONSTANT_CONVERSION = YES;
				CLANG_WARN_DIRECT_OBJC_ISA_USAGE = YES_ERROR;
				CLANG_WARN_EMPTY_BODY = YES;
				CLANG_WARN_ENUM_CONVERSION = YES;
				CLANG_WARN_INT_CONVERSION = YES;
				CLANG_WARN_OBJC_ROOT_CLASS = YES_ERROR;
				CLANG_WARN__DUPLICATE_METHOD_MATCH = YES;
				"CODE_SIGN_IDENTITY[sdk=iphoneos*]" = "iPhone Developer";
				COPY_PHASE_STRIP = NO;
				GCC_C_LANGUAGE_STANDARD = gnu99;
				GCC_DYNAMIC_NO_PIC = NO;
				GCC_OPTIMIZATION_LEVEL = 0;
				GCC_PREPROCESSOR_DEFINITIONS = (
					"DEBUG=1",
					"$(inherited)",
				);
				GCC_SYMBOLS_PRIVATE_EXTERN = NO;
				GCC_WARN_64_TO_32_BIT_CONVERSION = YES;
				GCC_WARN_ABOUT_RETURN_TYPE = YES_ERROR;
				GCC_WARN_UNDECLARED_SELECTOR = YES;
				GCC_WARN_UNINITIALIZED_AUTOS = YES_AGGRESSIVE;
				GCC_WARN_UNUSED_FUNCTION = YES;
				GCC_WARN_UNUSED_VARIABLE = YES;
				IPHONEOS_DEPLOYMENT_TARGET = 7.1;
				ONLY_ACTIVE_ARCH = YES;
				SDKROOT = iphoneos;
			};
			name = Debug;
		};
		7655E491191B1DAD0092846C /* Release */ = {
			isa = XCBuildConfiguration;
			buildSettings = {
				ALWAYS_SEARCH_USER_PATHS = NO;
				CLANG_CXX_LANGUAGE_STANDARD = "gnu++0x";
				CLANG_CXX_LIBRARY = "libc++";
				CLANG_ENABLE_MODULES = YES;
				CLANG_ENABLE_OBJC_ARC = YES;
				CLANG_WARN_BOOL_CONVERSION = YES;
				CLANG_WARN_CONSTANT_CONVERSION = YES;
				CLANG_WARN_DIRECT_OBJC_ISA_USAGE = YES_ERROR;
				CLANG_WARN_EMPTY_BODY = YES;
				CLANG_WARN_ENUM_CONVERSION = YES;
				CLANG_WARN_INT_CONVERSION = YES;
				CLANG_WARN_OBJC_ROOT_CLASS = YES_ERROR;
				CLANG_WARN__DUPLICATE_METHOD_MATCH = YES;
				"CODE_SIGN_IDENTITY[sdk=iphoneos*]" = "iPhone Developer";
				COPY_PHASE_STRIP = YES;
				ENABLE_NS_ASSERTIONS = NO;
				GCC_C_LANGUAGE_STANDARD = gnu99;
				GCC_WARN_64_TO_32_BIT_CONVERSION = YES;
				GCC_WARN_ABOUT_RETURN_TYPE = YES_ERROR;
				GCC_WARN_UNDECLARED_SELECTOR = YES;
				GCC_WARN_UNINITIALIZED_AUTOS = YES_AGGRESSIVE;
				GCC_WARN_UNUSED_FUNCTION = YES;
				GCC_WARN_UNUSED_VARIABLE = YES;
				IPHONEOS_DEPLOYMENT_TARGET = 7.1;
				SDKROOT = iphoneos;
				VALIDATE_PRODUCT = YES;
			};
			name = Release;
		};
		7655E493191B1DAD0092846C /* Debug */ = {
			isa = XCBuildConfiguration;
			buildSettings = {
				ASSETCATALOG_COMPILER_APPICON_NAME = AppIcon;
				ASSETCATALOG_COMPILER_LAUNCHIMAGE_NAME = LaunchImage;
				GCC_PRECOMPILE_PREFIX_HEADER = YES;
				GCC_PREFIX_HEADER = "DelegateSample/DelegateSample-Prefix.pch";
				INFOPLIST_FILE = "DelegateSample/DelegateSample-Info.plist";
				PRODUCT_NAME = "$(TARGET_NAME)";
				WRAPPER_EXTENSION = app;
			};
			name = Debug;
		};
		7655E494191B1DAD0092846C /* Release */ = {
			isa = XCBuildConfiguration;
			buildSettings = {
				ASSETCATALOG_COMPILER_APPICON_NAME = AppIcon;
				ASSETCATALOG_COMPILER_LAUNCHIMAGE_NAME = LaunchImage;
				GCC_PRECOMPILE_PREFIX_HEADER = YES;
				GCC_PREFIX_HEADER = "DelegateSample/DelegateSample-Prefix.pch";
				INFOPLIST_FILE = "DelegateSample/DelegateSample-Info.plist";
				PRODUCT_NAME = "$(TARGET_NAME)";
				WRAPPER_EXTENSION = app;
			};
			name = Release;
		};
		7655E496191B1DAD0092846C /* Debug */ = {
			isa = XCBuildConfiguration;
			buildSettings = {
				BUNDLE_LOADER = "$(BUILT_PRODUCTS_DIR)/DelegateSample.app/DelegateSample";
				FRAMEWORK_SEARCH_PATHS = (
					"$(SDKROOT)/Developer/Library/Frameworks",
					"$(inherited)",
					"$(DEVELOPER_FRAMEWORKS_DIR)",
				);
				GCC_PRECOMPILE_PREFIX_HEADER = YES;
				GCC_PREFIX_HEADER = "DelegateSample/DelegateSample-Prefix.pch";
				GCC_PREPROCESSOR_DEFINITIONS = (
					"DEBUG=1",
					"$(inherited)",
				);
				INFOPLIST_FILE = "DelegateSampleTests/DelegateSampleTests-Info.plist";
				PRODUCT_NAME = "$(TARGET_NAME)";
				TEST_HOST = "$(BUNDLE_LOADER)";
				WRAPPER_EXTENSION = xctest;
			};
			name = Debug;
		};
		7655E497191B1DAD0092846C /* Release */ = {
			isa = XCBuildConfiguration;
			buildSettings = {
				BUNDLE_LOADER = "$(BUILT_PRODUCTS_DIR)/DelegateSample.app/DelegateSample";
				FRAMEWORK_SEARCH_PATHS = (
					"$(SDKROOT)/Developer/Library/Frameworks",
					"$(inherited)",
					"$(DEVELOPER_FRAMEWORKS_DIR)",
				);
				GCC_PRECOMPILE_PREFIX_HEADER = YES;
				GCC_PREFIX_HEADER = "DelegateSample/DelegateSample-Prefix.pch";
				INFOPLIST_FILE = "DelegateSampleTests/DelegateSampleTests-Info.plist";
				PRODUCT_NAME = "$(TARGET_NAME)";
				TEST_HOST = "$(BUNDLE_LOADER)";
				WRAPPER_EXTENSION = xctest;
			};
			name = Release;
		};
/* End XCBuildConfiguration section */

/* Begin XCConfigurationList section */
		7655E45B191B1DAC0092846C /* Build configuration list for PBXProject "DelegateSample" */ = {
			isa = XCConfigurationList;
			buildConfigurations = (
				7655E490191B1DAD0092846C /* Debug */,
				7655E491191B1DAD0092846C /* Release */,
			);
			defaultConfigurationIsVisible = 0;
			defaultConfigurationName = Release;
		};
		7655E492191B1DAD0092846C /* Build configuration list for PBXNativeTarget "DelegateSample" */ = {
			isa = XCConfigurationList;
			buildConfigurations = (
				7655E493191B1DAD0092846C /* Debug */,
				7655E494191B1DAD0092846C /* Release */,
			);
			defaultConfigurationIsVisible = 0;
		};
		7655E495191B1DAD0092846C /* Build configuration list for PBXNativeTarget "DelegateSampleTests" */ = {
			isa = XCConfigurationList;
			buildConfigurations = (
				7655E496191B1DAD0092846C /* Debug */,
				7655E497191B1DAD0092846C /* Release */,
			);
			defaultConfigurationIsVisible = 0;
		};
/* End XCConfigurationList section */
	};
	rootObject = 7655E458191B1DAC0092846C /* Project object */;
}
